
Microsoft Visual Studio Solution File, Format Version 12.00
# Visual Studio Version 16
VisualStudioVersion = 16.0.30114.105
MinimumVisualStudioVersion = 10.0.40219.1
Project("{2150E333-8FDC-42A3-9474-1A3956D46DE8}") = "src", "src", "{F7C7ED30-F86D-4B4B-94E2-D11DB3BA5676}"
EndProject
Project("{2150E333-8FDC-42A3-9474-1A3956D46DE8}") = "Web", "Web", "{81BDE840-0BC4-4219-A1A3-C88C8C39E474}"
EndProject
Project("{FAE04EC0-301F-11D3-BF4B-00C04F79EFBC}") = "BFF.WebAPI", "src\Web\BFF.WebAPI\BFF.WebAPI.csproj", "{A8C59E4B-0A78-49F0-A854-3A0BF2F2DE84}"
EndProject
Project("{2150E333-8FDC-42A3-9474-1A3956D46DE8}") = "Services", "Services", "{FB29F5DA-06F1-4BEE-AD3C-B31F6404CE1F}"
EndProject
Project("{FAE04EC0-301F-11D3-BF4B-00C04F79EFBC}") = "gRPC.WebApi", "src\Services\gRPC.WebApi\gRPC.WebApi.csproj", "{B83227FB-2A3F-45EF-AFA7-1635F42A39BA}"
EndProject
Project("{FAE04EC0-301F-11D3-BF4B-00C04F79EFBC}") = "REST.WebApi", "src\Services\REST.WebApi\REST.WebApi.csproj", "{A4F98034-7A5E-4268-996A-86CCFB06C544}"
EndProject
Project("{FAE04EC0-301F-11D3-BF4B-00C04F79EFBC}") = "Contracts", "src\Contracts\Contracts.csproj", "{1A275D03-2905-4D7C-8C45-403ED34F3ED1}"
EndProject
Global
	GlobalSection(SolutionConfigurationPlatforms) = preSolution
		Debug|Any CPU = Debug|Any CPU
		Release|Any CPU = Release|Any CPU
	EndGlobalSection
	GlobalSection(SolutionProperties) = preSolution
		HideSolutionNode = FALSE
	EndGlobalSection
	GlobalSection(ProjectConfigurationPlatforms) = postSolution
		{A8C59E4B-0A78-49F0-A854-3A0BF2F2DE84}.Debug|Any CPU.ActiveCfg = Debug|Any CPU
		{A8C59E4B-0A78-49F0-A854-3A0BF2F2DE84}.Debug|Any CPU.Build.0 = Debug|Any CPU
		{A8C59E4B-0A78-49F0-A854-3A0BF2F2DE84}.Release|Any CPU.ActiveCfg = Release|Any CPU
		{A8C59E4B-0A78-49F0-A854-3A0BF2F2DE84}.Release|Any CPU.Build.0 = Release|Any CPU
		{B83227FB-2A3F-45EF-AFA7-1635F42A39BA}.Debug|Any CPU.ActiveCfg = Debug|Any CPU
		{B83227FB-2A3F-45EF-AFA7-1635F42A39BA}.Debug|Any CPU.Build.0 = Debug|Any CPU
		{B83227FB-2A3F-45EF-AFA7-1635F42A39BA}.Release|Any CPU.ActiveCfg = Release|Any CPU
		{B83227FB-2A3F-45EF-AFA7-1635F42A39BA}.Release|Any CPU.Build.0 = Release|Any CPU
		{A4F98034-7A5E-4268-996A-86CCFB06C544}.Debug|Any CPU.ActiveCfg = Debug|Any CPU
		{A4F98034-7A5E-4268-996A-86CCFB06C544}.Debug|Any CPU.Build.0 = Debug|Any CPU
		{A4F98034-7A5E-4268-996A-86CCFB06C544}.Release|Any CPU.ActiveCfg = Release|Any CPU
		{A4F98034-7A5E-4268-996A-86CCFB06C544}.Release|Any CPU.Build.0 = Release|Any CPU
		{1A275D03-2905-4D7C-8C45-403ED34F3ED1}.Debug|Any CPU.ActiveCfg = Debug|Any CPU
		{1A275D03-2905-4D7C-8C45-403ED34F3ED1}.Debug|Any CPU.Build.0 = Debug|Any CPU
		{1A275D03-2905-4D7C-8C45-403ED34F3ED1}.Release|Any CPU.ActiveCfg = Release|Any CPU
		{1A275D03-2905-4D7C-8C45-403ED34F3ED1}.Release|Any CPU.Build.0 = Release|Any CPU
	EndGlobalSection
	GlobalSection(NestedProjects) = preSolution
		{81BDE840-0BC4-4219-A1A3-C88C8C39E474} = {F7C7ED30-F86D-4B4B-94E2-D11DB3BA5676}
		{A8C59E4B-0A78-49F0-A854-3A0BF2F2DE84} = {81BDE840-0BC4-4219-A1A3-C88C8C39E474}
		{FB29F5DA-06F1-4BEE-AD3C-B31F6404CE1F} = {F7C7ED30-F86D-4B4B-94E2-D11DB3BA5676}
		{B83227FB-2A3F-45EF-AFA7-1635F42A39BA} = {FB29F5DA-06F1-4BEE-AD3C-B31F6404CE1F}
		{A4F98034-7A5E-4268-996A-86CCFB06C544} = {FB29F5DA-06F1-4BEE-AD3C-B31F6404CE1F}
		{1A275D03-2905-4D7C-8C45-403ED34F3ED1} = {F7C7ED30-F86D-4B4B-94E2-D11DB3BA5676}
	EndGlobalSection
EndGlobal
